
Microsoft Visual Studio Solution File, Format Version 12.00
# Visual Studio Version 16
VisualStudioVersion = 16.0.30330.147
MinimumVisualStudioVersion = 10.0.40219.1
Project("{FAE04EC0-301F-11D3-BF4B-00C04F79EFBC}") = "SpecFlowFramework", "SpecFlowFramework.csproj", "{508F16DE-E1F6-4911-8DA1-0B60A5BF3D7E}"
EndProject
Global
	GlobalSection(SolutionConfigurationPlatforms) = preSolution
		Debug|Any CPU = Debug|Any CPU
		Release|Any CPU = Release|Any CPU
	EndGlobalSection
	GlobalSection(ProjectConfigurationPlatforms) = postSolution
		{508F16DE-E1F6-4911-8DA1-0B60A5BF3D7E}.Debug|Any CPU.ActiveCfg = Debug|Any CPU
		{508F16DE-E1F6-4911-8DA1-0B60A5BF3D7E}.Debug|Any CPU.Build.0 = Debug|Any CPU
		{508F16DE-E1F6-4911-8DA1-0B60A5BF3D7E}.Release|Any CPU.ActiveCfg = Release|Any CPU
		{508F16DE-E1F6-4911-8DA1-0B60A5BF3D7E}.Release|Any CPU.Build.0 = Release|Any CPU
	EndGlobalSection
	GlobalSection(SolutionProperties) = preSolution
		HideSolutionNode = FALSE
	EndGlobalSection
	GlobalSection(ExtensibilityGlobals) = postSolution
		SolutionGuid = {46F22C6F-E648-4DA3-821F-3A9A2F960965}
	EndGlobalSection
EndGlobal
